// !$*UTF8*$!
{
	archiveVersion = 1;
	classes = {
	};
	objectVersion = 50;
	objects = {

/* Begin PBXBuildFile section */
		0404853C230C1E6400EF17C8 /* Main.storyboard in Resources */ = {isa = PBXBuildFile; fileRef = 0404853A230C1E6400EF17C8 /* Main.storyboard */; };
		0404853E230C1E6600EF17C8 /* Assets.xcassets in Resources */ = {isa = PBXBuildFile; fileRef = 0404853D230C1E6600EF17C8 /* Assets.xcassets */; };
		04048541230C1E6600EF17C8 /* LaunchScreen.storyboard in Resources */ = {isa = PBXBuildFile; fileRef = 0404853F230C1E6600EF17C8 /* LaunchScreen.storyboard */; };
		0404854E230C1EDD00EF17C8 /* main.m in Sources */ = {isa = PBXBuildFile; fileRef = 0404854C230C1EDD00EF17C8 /* main.m */; };
		0404854F230C1EDD00EF17C8 /* AppDelegate.m in Sources */ = {isa = PBXBuildFile; fileRef = 0404854D230C1EDD00EF17C8 /* AppDelegate.m */; };
		0404856E230C205F00EF17C8 /* NSString+SHTool.m in Sources */ = {isa = PBXBuildFile; fileRef = 04048556230C205F00EF17C8 /* NSString+SHTool.m */; };
		0404856F230C205F00EF17C8 /* UIColor+SHTool.m in Sources */ = {isa = PBXBuildFile; fileRef = 04048559230C205F00EF17C8 /* UIColor+SHTool.m */; };
		04048570230C205F00EF17C8 /* BaseView.m in Sources */ = {isa = PBXBuildFile; fileRef = 0404855B230C205F00EF17C8 /* BaseView.m */; };
		04048573230C205F00EF17C8 /* BaseUIViewController.m in Sources */ = {isa = PBXBuildFile; fileRef = 04048562230C205F00EF17C8 /* BaseUIViewController.m */; };
		04048574230C205F00EF17C8 /* BaseTableViewController.m in Sources */ = {isa = PBXBuildFile; fileRef = 04048563230C205F00EF17C8 /* BaseTableViewController.m */; };
		04048575230C205F00EF17C8 /* BaseViewController.m in Sources */ = {isa = PBXBuildFile; fileRef = 04048564230C205F00EF17C8 /* BaseViewController.m */; };
		04048576230C205F00EF17C8 /* UIScreenControl.m in Sources */ = {isa = PBXBuildFile; fileRef = 04048569230C205F00EF17C8 /* UIScreenControl.m */; };
		0404857C230C217100EF17C8 /* SHNavigationBar.m in Sources */ = {isa = PBXBuildFile; fileRef = 04048578230C217100EF17C8 /* SHNavigationBar.m */; };
		0404857D230C217100EF17C8 /* FilletBtn.m in Sources */ = {isa = PBXBuildFile; fileRef = 0404857A230C217100EF17C8 /* FilletBtn.m */; };
		04048599230C257700EF17C8 /* ForumViewController.m in Sources */ = {isa = PBXBuildFile; fileRef = 04048598230C257700EF17C8 /* ForumViewController.m */; };
		0404859C230C259900EF17C8 /* HomeViewController.m in Sources */ = {isa = PBXBuildFile; fileRef = 0404859B230C259900EF17C8 /* HomeViewController.m */; };
		0404859F230C25BA00EF17C8 /* MarketingViewController.m in Sources */ = {isa = PBXBuildFile; fileRef = 0404859E230C25BA00EF17C8 /* MarketingViewController.m */; };
		040485A2230C25D200EF17C8 /* MineViewController.m in Sources */ = {isa = PBXBuildFile; fileRef = 040485A1230C25D200EF17C8 /* MineViewController.m */; };
		040485A5230C25F800EF17C8 /* WorkbenchViewController.m in Sources */ = {isa = PBXBuildFile; fileRef = 040485A4230C25F800EF17C8 /* WorkbenchViewController.m */; };
		040485B0230ECCDB00EF17C8 /* LoginViewController.m in Sources */ = {isa = PBXBuildFile; fileRef = 040485AF230ECCDB00EF17C8 /* LoginViewController.m */; };
		040485B3230ECDC600EF17C8 /* ImageViewAndTextFieldAndBottomLineView.m in Sources */ = {isa = PBXBuildFile; fileRef = 040485B2230ECDC600EF17C8 /* ImageViewAndTextFieldAndBottomLineView.m */; };
		040485B62310E34800EF17C8 /* GetVerificationCodeBtn.m in Sources */ = {isa = PBXBuildFile; fileRef = 040485B52310E34800EF17C8 /* GetVerificationCodeBtn.m */; };
		040485DA2311096700EF17C8 /* SHNetworkRequestMiddleware.m in Sources */ = {isa = PBXBuildFile; fileRef = 040485C12311096700EF17C8 /* SHNetworkRequestMiddleware.m */; };
		040485E02311096700EF17C8 /* SHMiddlewareComponent.m in Sources */ = {isa = PBXBuildFile; fileRef = 040485CE2311096700EF17C8 /* SHMiddlewareComponent.m */; };
		040485E12311096700EF17C8 /* MiddlewareReflectionControl.m in Sources */ = {isa = PBXBuildFile; fileRef = 040485D12311096700EF17C8 /* MiddlewareReflectionControl.m */; };
		040485E22311096700EF17C8 /* SHRoutingComponent.m in Sources */ = {isa = PBXBuildFile; fileRef = 040485D32311096700EF17C8 /* SHRoutingComponent.m */; };
		040485EC231135DE00EF17C8 /* AutoRepairShopCell.m in Sources */ = {isa = PBXBuildFile; fileRef = 040485EB231135DE00EF17C8 /* AutoRepairShopCell.m */; };
		040485EF2311723D00EF17C8 /* CarouselCell.m in Sources */ = {isa = PBXBuildFile; fileRef = 040485EE2311723D00EF17C8 /* CarouselCell.m */; };
		040485FC231187AD00EF17C8 /* SearchBarCell.m in Sources */ = {isa = PBXBuildFile; fileRef = 040485FB231187AD00EF17C8 /* SearchBarCell.m */; };
		040485FF2311880200EF17C8 /* AnnouncementCell.m in Sources */ = {isa = PBXBuildFile; fileRef = 040485FE2311880200EF17C8 /* AnnouncementCell.m */; };
		040486022311883B00EF17C8 /* CustomerManagementCell.m in Sources */ = {isa = PBXBuildFile; fileRef = 040486012311883B00EF17C8 /* CustomerManagementCell.m */; };
		0404860B23122D1A00EF17C8 /* ImageAndLabelControl.m in Sources */ = {isa = PBXBuildFile; fileRef = 0404860A23122D1A00EF17C8 /* ImageAndLabelControl.m */; };
		046DCB91231272A900C520D8 /* TXScrollLabelView.m in Sources */ = {isa = PBXBuildFile; fileRef = 046DCB8F231272A900C520D8 /* TXScrollLabelView.m */; };
		046DCB92231272A900C520D8 /* UIView+TXFrame.m in Sources */ = {isa = PBXBuildFile; fileRef = 046DCB90231272A900C520D8 /* UIView+TXFrame.m */; };
		046DCB9523129BEA00C520D8 /* VehicleFileViewController.m in Sources */ = {isa = PBXBuildFile; fileRef = 046DCB9423129BEA00C520D8 /* VehicleFileViewController.m */; };
		046DCB9B2312A42200C520D8 /* SHSearchBar.m in Sources */ = {isa = PBXBuildFile; fileRef = 046DCB9A2312A42200C520D8 /* SHSearchBar.m */; };
		046DCB9E2312A60300C520D8 /* SearchBarTwoCell.m in Sources */ = {isa = PBXBuildFile; fileRef = 046DCB9D2312A60300C520D8 /* SearchBarTwoCell.m */; };
		046DCBA12312C56000C520D8 /* VehicleFileCell.m in Sources */ = {isa = PBXBuildFile; fileRef = 046DCBA02312C56000C520D8 /* VehicleFileCell.m */; };
		046DCBA42312CEB600C520D8 /* FastPickUpViewController.m in Sources */ = {isa = PBXBuildFile; fileRef = 046DCBA32312CEB600C520D8 /* FastPickUpViewController.m */; };
		046DCBA72312D27F00C520D8 /* IdentificationDrivingLicenseCell.m in Sources */ = {isa = PBXBuildFile; fileRef = 046DCBA62312D27F00C520D8 /* IdentificationDrivingLicenseCell.m */; };
		0498B5B923140DF700A5EDC1 /* VehicleInformationCell.m in Sources */ = {isa = PBXBuildFile; fileRef = 0498B5B823140DF700A5EDC1 /* VehicleInformationCell.m */; };
		0498B5BC23141A4A00A5EDC1 /* DriverInformationCell.m in Sources */ = {isa = PBXBuildFile; fileRef = 0498B5BB23141A4A00A5EDC1 /* DriverInformationCell.m */; };
		0498B5C02315705000A5EDC1 /* OneCarMaintenanceRecordsViewController.m in Sources */ = {isa = PBXBuildFile; fileRef = 0498B5BE23156D0000A5EDC1 /* OneCarMaintenanceRecordsViewController.m */; };
		0498B5C3231573A800A5EDC1 /* MaintenanceRecordsCell.m in Sources */ = {isa = PBXBuildFile; fileRef = 0498B5C2231573A800A5EDC1 /* MaintenanceRecordsCell.m */; };
		0498B5C62315B16C00A5EDC1 /* MaintenanceRecordsViewController.m in Sources */ = {isa = PBXBuildFile; fileRef = 0498B5C52315B16C00A5EDC1 /* MaintenanceRecordsViewController.m */; };
		0498B5C92315B9C700A5EDC1 /* RevenueListViewController.m in Sources */ = {isa = PBXBuildFile; fileRef = 0498B5C82315B9C700A5EDC1 /* RevenueListViewController.m */; };
		04AF9B0E231AAD90002C8ADB /* PaymentManagementViewController.m in Sources */ = {isa = PBXBuildFile; fileRef = 04AF9B0D231AAD90002C8ADB /* PaymentManagementViewController.m */; };
		30FF6F3DEBE958424E3363A6 /* libPods-Car.a in Frameworks */ = {isa = PBXBuildFile; fileRef = 169DA7AB73986B7D0622997D /* libPods-Car.a */; };
		62072C0E231A55C20089AD43 /* CarouselView.m in Sources */ = {isa = PBXBuildFile; fileRef = 62072C0C231A55C20089AD43 /* CarouselView.m */; };
		62072C0F231A55C20089AD43 /* CarouselCollectionViewCell.m in Sources */ = {isa = PBXBuildFile; fileRef = 62072C0D231A55C20089AD43 /* CarouselCollectionViewCell.m */; };
		62072C12231A568D0089AD43 /* CarouselDataModel.m in Sources */ = {isa = PBXBuildFile; fileRef = 62072C11231A568D0089AD43 /* CarouselDataModel.m */; };
		62072C21231A7A050089AD43 /* SHPageControl.m in Sources */ = {isa = PBXBuildFile; fileRef = 62072C1F231A7A040089AD43 /* SHPageControl.m */; };
		62072C24231B69EC0089AD43 /* ProfitStatisticsViewController.m in Sources */ = {isa = PBXBuildFile; fileRef = 62072C23231B69EC0089AD43 /* ProfitStatisticsViewController.m */; };
		62072C27231B6C8D0089AD43 /* ProfitStatisticsCell.m in Sources */ = {isa = PBXBuildFile; fileRef = 62072C26231B6C8D0089AD43 /* ProfitStatisticsCell.m */; };
		62072C33231B77870089AD43 /* SHMultipleSwitchingItemsView.m in Sources */ = {isa = PBXBuildFile; fileRef = 62072C31231B77870089AD43 /* SHMultipleSwitchingItemsView.m */; };
		62072C36231B77D10089AD43 /* SHMultipleSwitchingItemModel.m in Sources */ = {isa = PBXBuildFile; fileRef = 62072C35231B77D10089AD43 /* SHMultipleSwitchingItemModel.m */; };
		624A49A923136234005B1391 /* SHNetworkComponent.m in Sources */ = {isa = PBXBuildFile; fileRef = 624A49A223136234005B1391 /* SHNetworkComponent.m */; };
		624A49AA23136234005B1391 /* SHNetworkStatusManagementComponent.m in Sources */ = {isa = PBXBuildFile; fileRef = 624A49A323136234005B1391 /* SHNetworkStatusManagementComponent.m */; };
		624A49AC23136234005B1391 /* SHNetworkControl.m in Sources */ = {isa = PBXBuildFile; fileRef = 624A49A623136234005B1391 /* SHNetworkControl.m */; };
		628AF1DF2314B238007BC0F8 /* VehicleFileDetailViewController.m in Sources */ = {isa = PBXBuildFile; fileRef = 628AF1DE2314B238007BC0F8 /* VehicleFileDetailViewController.m */; };
		628AF568231607FA007BC0F8 /* RevenueCell.m in Sources */ = {isa = PBXBuildFile; fileRef = 628AF567231607FA007BC0F8 /* RevenueCell.m */; };
		628AF56E2316926C007BC0F8 /* MaintenanceRecordsDetailViewController.m in Sources */ = {isa = PBXBuildFile; fileRef = 628AF56D2316926C007BC0F8 /* MaintenanceRecordsDetailViewController.m */; };
		628AF5712316979F007BC0F8 /* VehicleFileForDetailVCCell.m in Sources */ = {isa = PBXBuildFile; fileRef = 628AF5702316979F007BC0F8 /* VehicleFileForDetailVCCell.m */; };
		628AF57423169B99007BC0F8 /* MaintenanceLogCell.m in Sources */ = {isa = PBXBuildFile; fileRef = 628AF57323169B99007BC0F8 /* MaintenanceLogCell.m */; };
		628AF59F2318A97F007BC0F8 /* HighOrderPositioningController.m in Sources */ = {isa = PBXBuildFile; fileRef = 628AF59E2318A97F007BC0F8 /* HighOrderPositioningController.m */; };
		628AF5A22318A9A8007BC0F8 /* PositioningResultModel.m in Sources */ = {isa = PBXBuildFile; fileRef = 628AF5A12318A9A8007BC0F8 /* PositioningResultModel.m */; };
		62929B94231936E50018DE07 /* LogInRegisterModel.m in Sources */ = {isa = PBXBuildFile; fileRef = 62929B93231936E50018DE07 /* LogInRegisterModel.m */; };
		62929B97231937200018DE07 /* UserInforModel.m in Sources */ = {isa = PBXBuildFile; fileRef = 62929B96231937200018DE07 /* UserInforModel.m */; };
		62929B9D231938B10018DE07 /* SHCacheManagementcomponent.m in Sources */ = {isa = PBXBuildFile; fileRef = 62929B9C231938B10018DE07 /* SHCacheManagementcomponent.m */; };
		62929BA0231938DB0018DE07 /* SHCacheControl.m in Sources */ = {isa = PBXBuildFile; fileRef = 62929B9F231938DB0018DE07 /* SHCacheControl.m */; };
		62929BA423193A130018DE07 /* SHCacheManagementMiddleware.m in Sources */ = {isa = PBXBuildFile; fileRef = 62929BA323193A130018DE07 /* SHCacheManagementMiddleware.m */; };
		62929BAF231A1E430018DE07 /* UserInforController.m in Sources */ = {isa = PBXBuildFile; fileRef = 62929BAE231A1E430018DE07 /* UserInforController.m */; };
		62929BB4231A441F0018DE07 /* WorkbenchModel.m in Sources */ = {isa = PBXBuildFile; fileRef = 62929BB3231A441F0018DE07 /* WorkbenchModel.m */; };
		62929BB7231A44640018DE07 /* CarouselModel.m in Sources */ = {isa = PBXBuildFile; fileRef = 62929BB6231A44640018DE07 /* CarouselModel.m */; };
		62929BBA231A44920018DE07 /* AnnouncementModel.m in Sources */ = {isa = PBXBuildFile; fileRef = 62929BB9231A44920018DE07 /* AnnouncementModel.m */; };
/* End PBXBuildFile section */

/* Begin PBXFileReference section */
		04048531230C1E6400EF17C8 /* Car.app */ = {isa = PBXFileReference; explicitFileType = wrapper.application; includeInIndex = 0; path = Car.app; sourceTree = BUILT_PRODUCTS_DIR; };
		0404853B230C1E6400EF17C8 /* Base */ = {isa = PBXFileReference; lastKnownFileType = file.storyboard; name = Base; path = Base.lproj/Main.storyboard; sourceTree = "<group>"; };
		0404853D230C1E6600EF17C8 /* Assets.xcassets */ = {isa = PBXFileReference; lastKnownFileType = folder.assetcatalog; path = Assets.xcassets; sourceTree = "<group>"; };
		04048540230C1E6600EF17C8 /* Base */ = {isa = PBXFileReference; lastKnownFileType = file.storyboard; name = Base; path = Base.lproj/LaunchScreen.storyboard; sourceTree = "<group>"; };
		04048542230C1E6600EF17C8 /* Info.plist */ = {isa = PBXFileReference; lastKnownFileType = text.plist.xml; path = Info.plist; sourceTree = "<group>"; };
		0404854B230C1EDD00EF17C8 /* AppDelegate.h */ = {isa = PBXFileReference; fileEncoding = 4; lastKnownFileType = sourcecode.c.h; path = AppDelegate.h; sourceTree = "<group>"; };
		0404854C230C1EDD00EF17C8 /* main.m */ = {isa = PBXFileReference; fileEncoding = 4; lastKnownFileType = sourcecode.c.objc; path = main.m; sourceTree = "<group>"; };
		0404854D230C1EDD00EF17C8 /* AppDelegate.m */ = {isa = PBXFileReference; fileEncoding = 4; lastKnownFileType = sourcecode.c.objc; path = AppDelegate.m; sourceTree = "<group>"; };
		04048552230C204300EF17C8 /* Car.pch */ = {isa = PBXFileReference; lastKnownFileType = sourcecode.c.h; path = Car.pch; sourceTree = "<group>"; };
		04048556230C205F00EF17C8 /* NSString+SHTool.m */ = {isa = PBXFileReference; fileEncoding = 4; lastKnownFileType = sourcecode.c.objc; path = "NSString+SHTool.m"; sourceTree = "<group>"; };
		04048557230C205F00EF17C8 /* UIColor+SHTool.h */ = {isa = PBXFileReference; fileEncoding = 4; lastKnownFileType = sourcecode.c.h; path = "UIColor+SHTool.h"; sourceTree = "<group>"; };
		04048558230C205F00EF17C8 /* NSString+SHTool.h */ = {isa = PBXFileReference; fileEncoding = 4; lastKnownFileType = sourcecode.c.h; path = "NSString+SHTool.h"; sourceTree = "<group>"; };
		04048559230C205F00EF17C8 /* UIColor+SHTool.m */ = {isa = PBXFileReference; fileEncoding = 4; lastKnownFileType = sourcecode.c.objc; path = "UIColor+SHTool.m"; sourceTree = "<group>"; };
		0404855B230C205F00EF17C8 /* BaseView.m */ = {isa = PBXFileReference; fileEncoding = 4; lastKnownFileType = sourcecode.c.objc; path = BaseView.m; sourceTree = "<group>"; };
		0404855E230C205F00EF17C8 /* BaseView.h */ = {isa = PBXFileReference; fileEncoding = 4; lastKnownFileType = sourcecode.c.h; path = BaseView.h; sourceTree = "<group>"; };
		04048562230C205F00EF17C8 /* BaseUIViewController.m */ = {isa = PBXFileReference; fileEncoding = 4; lastKnownFileType = sourcecode.c.objc; path = BaseUIViewController.m; sourceTree = "<group>"; };
		04048563230C205F00EF17C8 /* BaseTableViewController.m */ = {isa = PBXFileReference; fileEncoding = 4; lastKnownFileType = sourcecode.c.objc; path = BaseTableViewController.m; sourceTree = "<group>"; };
		04048564230C205F00EF17C8 /* BaseViewController.m */ = {isa = PBXFileReference; fileEncoding = 4; lastKnownFileType = sourcecode.c.objc; path = BaseViewController.m; sourceTree = "<group>"; };
		04048565230C205F00EF17C8 /* BaseTableViewController.h */ = {isa = PBXFileReference; fileEncoding = 4; lastKnownFileType = sourcecode.c.h; path = BaseTableViewController.h; sourceTree = "<group>"; };
		04048566230C205F00EF17C8 /* BaseUIViewController.h */ = {isa = PBXFileReference; fileEncoding = 4; lastKnownFileType = sourcecode.c.h; path = BaseUIViewController.h; sourceTree = "<group>"; };
		04048567230C205F00EF17C8 /* BaseViewController.h */ = {isa = PBXFileReference; fileEncoding = 4; lastKnownFileType = sourcecode.c.h; path = BaseViewController.h; sourceTree = "<group>"; };
		04048569230C205F00EF17C8 /* UIScreenControl.m */ = {isa = PBXFileReference; fileEncoding = 4; lastKnownFileType = sourcecode.c.objc; path = UIScreenControl.m; sourceTree = "<group>"; };
		0404856B230C205F00EF17C8 /* UIScreenControl.h */ = {isa = PBXFileReference; fileEncoding = 4; lastKnownFileType = sourcecode.c.h; path = UIScreenControl.h; sourceTree = "<group>"; };
		04048578230C217100EF17C8 /* SHNavigationBar.m */ = {isa = PBXFileReference; fileEncoding = 4; lastKnownFileType = sourcecode.c.objc; path = SHNavigationBar.m; sourceTree = "<group>"; };
		04048579230C217100EF17C8 /* SHNavigationBar.h */ = {isa = PBXFileReference; fileEncoding = 4; lastKnownFileType = sourcecode.c.h; path = SHNavigationBar.h; sourceTree = "<group>"; };
		0404857A230C217100EF17C8 /* FilletBtn.m */ = {isa = PBXFileReference; fileEncoding = 4; lastKnownFileType = sourcecode.c.objc; path = FilletBtn.m; sourceTree = "<group>"; };
		0404857B230C217100EF17C8 /* FilletBtn.h */ = {isa = PBXFileReference; fileEncoding = 4; lastKnownFileType = sourcecode.c.h; path = FilletBtn.h; sourceTree = "<group>"; };
		04048597230C257700EF17C8 /* ForumViewController.h */ = {isa = PBXFileReference; lastKnownFileType = sourcecode.c.h; path = ForumViewController.h; sourceTree = "<group>"; };
		04048598230C257700EF17C8 /* ForumViewController.m */ = {isa = PBXFileReference; lastKnownFileType = sourcecode.c.objc; path = ForumViewController.m; sourceTree = "<group>"; };
		0404859A230C259900EF17C8 /* HomeViewController.h */ = {isa = PBXFileReference; lastKnownFileType = sourcecode.c.h; path = HomeViewController.h; sourceTree = "<group>"; };
		0404859B230C259900EF17C8 /* HomeViewController.m */ = {isa = PBXFileReference; lastKnownFileType = sourcecode.c.objc; path = HomeViewController.m; sourceTree = "<group>"; };
		0404859D230C25BA00EF17C8 /* MarketingViewController.h */ = {isa = PBXFileReference; lastKnownFileType = sourcecode.c.h; path = MarketingViewController.h; sourceTree = "<group>"; };
		0404859E230C25BA00EF17C8 /* MarketingViewController.m */ = {isa = PBXFileReference; lastKnownFileType = sourcecode.c.objc; path = MarketingViewController.m; sourceTree = "<group>"; };
		040485A0230C25D200EF17C8 /* MineViewController.h */ = {isa = PBXFileReference; lastKnownFileType = sourcecode.c.h; path = MineViewController.h; sourceTree = "<group>"; };
		040485A1230C25D200EF17C8 /* MineViewController.m */ = {isa = PBXFileReference; lastKnownFileType = sourcecode.c.objc; path = MineViewController.m; sourceTree = "<group>"; };
		040485A3230C25F800EF17C8 /* WorkbenchViewController.h */ = {isa = PBXFileReference; lastKnownFileType = sourcecode.c.h; path = WorkbenchViewController.h; sourceTree = "<group>"; };
		040485A4230C25F800EF17C8 /* WorkbenchViewController.m */ = {isa = PBXFileReference; lastKnownFileType = sourcecode.c.objc; path = WorkbenchViewController.m; sourceTree = "<group>"; };
		040485AE230ECCDB00EF17C8 /* LoginViewController.h */ = {isa = PBXFileReference; lastKnownFileType = sourcecode.c.h; path = LoginViewController.h; sourceTree = "<group>"; };
		040485AF230ECCDB00EF17C8 /* LoginViewController.m */ = {isa = PBXFileReference; lastKnownFileType = sourcecode.c.objc; path = LoginViewController.m; sourceTree = "<group>"; };
		040485B1230ECDC600EF17C8 /* ImageViewAndTextFieldAndBottomLineView.h */ = {isa = PBXFileReference; lastKnownFileType = sourcecode.c.h; path = ImageViewAndTextFieldAndBottomLineView.h; sourceTree = "<group>"; };
		040485B2230ECDC600EF17C8 /* ImageViewAndTextFieldAndBottomLineView.m */ = {isa = PBXFileReference; lastKnownFileType = sourcecode.c.objc; path = ImageViewAndTextFieldAndBottomLineView.m; sourceTree = "<group>"; };
		040485B42310E34800EF17C8 /* GetVerificationCodeBtn.h */ = {isa = PBXFileReference; lastKnownFileType = sourcecode.c.h; path = GetVerificationCodeBtn.h; sourceTree = "<group>"; };
		040485B52310E34800EF17C8 /* GetVerificationCodeBtn.m */ = {isa = PBXFileReference; lastKnownFileType = sourcecode.c.objc; path = GetVerificationCodeBtn.m; sourceTree = "<group>"; };
		040485C12311096700EF17C8 /* SHNetworkRequestMiddleware.m */ = {isa = PBXFileReference; fileEncoding = 4; lastKnownFileType = sourcecode.c.objc; path = SHNetworkRequestMiddleware.m; sourceTree = "<group>"; };
		040485CA2311096700EF17C8 /* SHNetworkRequestMiddleware.h */ = {isa = PBXFileReference; fileEncoding = 4; lastKnownFileType = sourcecode.c.h; path = SHNetworkRequestMiddleware.h; sourceTree = "<group>"; };
		040485CD2311096700EF17C8 /* SHMiddlewareComponent.h */ = {isa = PBXFileReference; fileEncoding = 4; lastKnownFileType = sourcecode.c.h; path = SHMiddlewareComponent.h; sourceTree = "<group>"; };
		040485CE2311096700EF17C8 /* SHMiddlewareComponent.m */ = {isa = PBXFileReference; fileEncoding = 4; lastKnownFileType = sourcecode.c.objc; path = SHMiddlewareComponent.m; sourceTree = "<group>"; };
		040485D02311096700EF17C8 /* MiddlewareReflectionControl.h */ = {isa = PBXFileReference; fileEncoding = 4; lastKnownFileType = sourcecode.c.h; path = MiddlewareReflectionControl.h; sourceTree = "<group>"; };
		040485D12311096700EF17C8 /* MiddlewareReflectionControl.m */ = {isa = PBXFileReference; fileEncoding = 4; lastKnownFileType = sourcecode.c.objc; path = MiddlewareReflectionControl.m; sourceTree = "<group>"; };
		040485D32311096700EF17C8 /* SHRoutingComponent.m */ = {isa = PBXFileReference; fileEncoding = 4; lastKnownFileType = sourcecode.c.objc; path = SHRoutingComponent.m; sourceTree = "<group>"; };
		040485D42311096700EF17C8 /* CommandList.h */ = {isa = PBXFileReference; fileEncoding = 4; lastKnownFileType = sourcecode.c.h; path = CommandList.h; sourceTree = "<group>"; };
		040485D52311096700EF17C8 /* SHRoutingComponent.h */ = {isa = PBXFileReference; fileEncoding = 4; lastKnownFileType = sourcecode.c.h; path = SHRoutingComponent.h; sourceTree = "<group>"; };
		040485D62311096700EF17C8 /* CommandDemoList.h */ = {isa = PBXFileReference; fileEncoding = 4; lastKnownFileType = sourcecode.c.h; path = CommandDemoList.h; sourceTree = "<group>"; };
		040485EA231135DE00EF17C8 /* AutoRepairShopCell.h */ = {isa = PBXFileReference; lastKnownFileType = sourcecode.c.h; path = AutoRepairShopCell.h; sourceTree = "<group>"; };
		040485EB231135DE00EF17C8 /* AutoRepairShopCell.m */ = {isa = PBXFileReference; lastKnownFileType = sourcecode.c.objc; path = AutoRepairShopCell.m; sourceTree = "<group>"; };
		040485ED2311723D00EF17C8 /* CarouselCell.h */ = {isa = PBXFileReference; lastKnownFileType = sourcecode.c.h; path = CarouselCell.h; sourceTree = "<group>"; };
		040485EE2311723D00EF17C8 /* CarouselCell.m */ = {isa = PBXFileReference; lastKnownFileType = sourcecode.c.objc; path = CarouselCell.m; sourceTree = "<group>"; };
		040485FA231187AD00EF17C8 /* SearchBarCell.h */ = {isa = PBXFileReference; lastKnownFileType = sourcecode.c.h; path = SearchBarCell.h; sourceTree = "<group>"; };
		040485FB231187AD00EF17C8 /* SearchBarCell.m */ = {isa = PBXFileReference; lastKnownFileType = sourcecode.c.objc; path = SearchBarCell.m; sourceTree = "<group>"; };
		040485FD2311880200EF17C8 /* AnnouncementCell.h */ = {isa = PBXFileReference; lastKnownFileType = sourcecode.c.h; path = AnnouncementCell.h; sourceTree = "<group>"; };
		040485FE2311880200EF17C8 /* AnnouncementCell.m */ = {isa = PBXFileReference; lastKnownFileType = sourcecode.c.objc; path = AnnouncementCell.m; sourceTree = "<group>"; };
		040486002311883B00EF17C8 /* CustomerManagementCell.h */ = {isa = PBXFileReference; lastKnownFileType = sourcecode.c.h; path = CustomerManagementCell.h; sourceTree = "<group>"; };
		040486012311883B00EF17C8 /* CustomerManagementCell.m */ = {isa = PBXFileReference; lastKnownFileType = sourcecode.c.objc; path = CustomerManagementCell.m; sourceTree = "<group>"; };
		0404860923122D1A00EF17C8 /* ImageAndLabelControl.h */ = {isa = PBXFileReference; lastKnownFileType = sourcecode.c.h; path = ImageAndLabelControl.h; sourceTree = "<group>"; };
		0404860A23122D1A00EF17C8 /* ImageAndLabelControl.m */ = {isa = PBXFileReference; lastKnownFileType = sourcecode.c.objc; path = ImageAndLabelControl.m; sourceTree = "<group>"; };
		046DCB8D231272A900C520D8 /* TXScrollLabelView.h */ = {isa = PBXFileReference; fileEncoding = 4; lastKnownFileType = sourcecode.c.h; path = TXScrollLabelView.h; sourceTree = "<group>"; };
		046DCB8E231272A900C520D8 /* UIView+TXFrame.h */ = {isa = PBXFileReference; fileEncoding = 4; lastKnownFileType = sourcecode.c.h; path = "UIView+TXFrame.h"; sourceTree = "<group>"; };
		046DCB8F231272A900C520D8 /* TXScrollLabelView.m */ = {isa = PBXFileReference; fileEncoding = 4; lastKnownFileType = sourcecode.c.objc; path = TXScrollLabelView.m; sourceTree = "<group>"; };
		046DCB90231272A900C520D8 /* UIView+TXFrame.m */ = {isa = PBXFileReference; fileEncoding = 4; lastKnownFileType = sourcecode.c.objc; path = "UIView+TXFrame.m"; sourceTree = "<group>"; };
		046DCB9323129BEA00C520D8 /* VehicleFileViewController.h */ = {isa = PBXFileReference; lastKnownFileType = sourcecode.c.h; path = VehicleFileViewController.h; sourceTree = "<group>"; };
		046DCB9423129BEA00C520D8 /* VehicleFileViewController.m */ = {isa = PBXFileReference; lastKnownFileType = sourcecode.c.objc; path = VehicleFileViewController.m; sourceTree = "<group>"; };
		046DCB992312A42200C520D8 /* SHSearchBar.h */ = {isa = PBXFileReference; lastKnownFileType = sourcecode.c.h; path = SHSearchBar.h; sourceTree = "<group>"; };
		046DCB9A2312A42200C520D8 /* SHSearchBar.m */ = {isa = PBXFileReference; lastKnownFileType = sourcecode.c.objc; path = SHSearchBar.m; sourceTree = "<group>"; };
		046DCB9C2312A60300C520D8 /* SearchBarTwoCell.h */ = {isa = PBXFileReference; lastKnownFileType = sourcecode.c.h; path = SearchBarTwoCell.h; sourceTree = "<group>"; };
		046DCB9D2312A60300C520D8 /* SearchBarTwoCell.m */ = {isa = PBXFileReference; lastKnownFileType = sourcecode.c.objc; path = SearchBarTwoCell.m; sourceTree = "<group>"; };
		046DCB9F2312C56000C520D8 /* VehicleFileCell.h */ = {isa = PBXFileReference; lastKnownFileType = sourcecode.c.h; path = VehicleFileCell.h; sourceTree = "<group>"; };
		046DCBA02312C56000C520D8 /* VehicleFileCell.m */ = {isa = PBXFileReference; lastKnownFileType = sourcecode.c.objc; path = VehicleFileCell.m; sourceTree = "<group>"; };
		046DCBA22312CEB600C520D8 /* FastPickUpViewController.h */ = {isa = PBXFileReference; lastKnownFileType = sourcecode.c.h; path = FastPickUpViewController.h; sourceTree = "<group>"; };
		046DCBA32312CEB600C520D8 /* FastPickUpViewController.m */ = {isa = PBXFileReference; lastKnownFileType = sourcecode.c.objc; path = FastPickUpViewController.m; sourceTree = "<group>"; };
		046DCBA52312D27F00C520D8 /* IdentificationDrivingLicenseCell.h */ = {isa = PBXFileReference; lastKnownFileType = sourcecode.c.h; path = IdentificationDrivingLicenseCell.h; sourceTree = "<group>"; };
		046DCBA62312D27F00C520D8 /* IdentificationDrivingLicenseCell.m */ = {isa = PBXFileReference; lastKnownFileType = sourcecode.c.objc; path = IdentificationDrivingLicenseCell.m; sourceTree = "<group>"; };
		0498B5B723140DF700A5EDC1 /* VehicleInformationCell.h */ = {isa = PBXFileReference; lastKnownFileType = sourcecode.c.h; path = VehicleInformationCell.h; sourceTree = "<group>"; };
		0498B5B823140DF700A5EDC1 /* VehicleInformationCell.m */ = {isa = PBXFileReference; lastKnownFileType = sourcecode.c.objc; path = VehicleInformationCell.m; sourceTree = "<group>"; };
		0498B5BA23141A4A00A5EDC1 /* DriverInformationCell.h */ = {isa = PBXFileReference; lastKnownFileType = sourcecode.c.h; path = DriverInformationCell.h; sourceTree = "<group>"; };
		0498B5BB23141A4A00A5EDC1 /* DriverInformationCell.m */ = {isa = PBXFileReference; lastKnownFileType = sourcecode.c.objc; path = DriverInformationCell.m; sourceTree = "<group>"; };
		0498B5BD23156D0000A5EDC1 /* OneCarMaintenanceRecordsViewController.h */ = {isa = PBXFileReference; lastKnownFileType = sourcecode.c.h; path = OneCarMaintenanceRecordsViewController.h; sourceTree = "<group>"; };
		0498B5BE23156D0000A5EDC1 /* OneCarMaintenanceRecordsViewController.m */ = {isa = PBXFileReference; lastKnownFileType = sourcecode.c.objc; path = OneCarMaintenanceRecordsViewController.m; sourceTree = "<group>"; };
		0498B5C1231573A800A5EDC1 /* MaintenanceRecordsCell.h */ = {isa = PBXFileReference; lastKnownFileType = sourcecode.c.h; path = MaintenanceRecordsCell.h; sourceTree = "<group>"; };
		0498B5C2231573A800A5EDC1 /* MaintenanceRecordsCell.m */ = {isa = PBXFileReference; lastKnownFileType = sourcecode.c.objc; path = MaintenanceRecordsCell.m; sourceTree = "<group>"; };
		0498B5C42315B16C00A5EDC1 /* MaintenanceRecordsViewController.h */ = {isa = PBXFileReference; lastKnownFileType = sourcecode.c.h; path = MaintenanceRecordsViewController.h; sourceTree = "<group>"; };
		0498B5C52315B16C00A5EDC1 /* MaintenanceRecordsViewController.m */ = {isa = PBXFileReference; lastKnownFileType = sourcecode.c.objc; path = MaintenanceRecordsViewController.m; sourceTree = "<group>"; };
		0498B5C72315B9C700A5EDC1 /* RevenueListViewController.h */ = {isa = PBXFileReference; lastKnownFileType = sourcecode.c.h; path = RevenueListViewController.h; sourceTree = "<group>"; };
		0498B5C82315B9C700A5EDC1 /* RevenueListViewController.m */ = {isa = PBXFileReference; lastKnownFileType = sourcecode.c.objc; path = RevenueListViewController.m; sourceTree = "<group>"; };
		04AF9B0C231AAD90002C8ADB /* PaymentManagementViewController.h */ = {isa = PBXFileReference; lastKnownFileType = sourcecode.c.h; path = PaymentManagementViewController.h; sourceTree = "<group>"; };
		04AF9B0D231AAD90002C8ADB /* PaymentManagementViewController.m */ = {isa = PBXFileReference; lastKnownFileType = sourcecode.c.objc; path = PaymentManagementViewController.m; sourceTree = "<group>"; };
		11E7FD406732E1695AAC11D1 /* Pods-Car.release.xcconfig */ = {isa = PBXFileReference; includeInIndex = 1; lastKnownFileType = text.xcconfig; name = "Pods-Car.release.xcconfig"; path = "Pods/Target Support Files/Pods-Car/Pods-Car.release.xcconfig"; sourceTree = "<group>"; };
		169DA7AB73986B7D0622997D /* libPods-Car.a */ = {isa = PBXFileReference; explicitFileType = archive.ar; includeInIndex = 0; path = "libPods-Car.a"; sourceTree = BUILT_PRODUCTS_DIR; };
		5E7717D7D9C110031B9D25E9 /* Pods-Car.debug.xcconfig */ = {isa = PBXFileReference; includeInIndex = 1; lastKnownFileType = text.xcconfig; name = "Pods-Car.debug.xcconfig"; path = "Pods/Target Support Files/Pods-Car/Pods-Car.debug.xcconfig"; sourceTree = "<group>"; };
		62072C0A231A55C20089AD43 /* CarouselView.h */ = {isa = PBXFileReference; fileEncoding = 4; lastKnownFileType = sourcecode.c.h; path = CarouselView.h; sourceTree = "<group>"; };
		62072C0B231A55C20089AD43 /* CarouselCollectionViewCell.h */ = {isa = PBXFileReference; fileEncoding = 4; lastKnownFileType = sourcecode.c.h; path = CarouselCollectionViewCell.h; sourceTree = "<group>"; };
		62072C0C231A55C20089AD43 /* CarouselView.m */ = {isa = PBXFileReference; fileEncoding = 4; lastKnownFileType = sourcecode.c.objc; path = CarouselView.m; sourceTree = "<group>"; };
		62072C0D231A55C20089AD43 /* CarouselCollectionViewCell.m */ = {isa = PBXFileReference; fileEncoding = 4; lastKnownFileType = sourcecode.c.objc; path = CarouselCollectionViewCell.m; sourceTree = "<group>"; };
		62072C10231A568D0089AD43 /* CarouselDataModel.h */ = {isa = PBXFileReference; lastKnownFileType = sourcecode.c.h; path = CarouselDataModel.h; sourceTree = "<group>"; };
		62072C11231A568D0089AD43 /* CarouselDataModel.m */ = {isa = PBXFileReference; lastKnownFileType = sourcecode.c.objc; path = CarouselDataModel.m; sourceTree = "<group>"; };
		62072C1F231A7A040089AD43 /* SHPageControl.m */ = {isa = PBXFileReference; fileEncoding = 4; lastKnownFileType = sourcecode.c.objc; path = SHPageControl.m; sourceTree = "<group>"; };
		62072C20231A7A040089AD43 /* SHPageControl.h */ = {isa = PBXFileReference; fileEncoding = 4; lastKnownFileType = sourcecode.c.h; path = SHPageControl.h; sourceTree = "<group>"; };
		62072C22231B69EC0089AD43 /* ProfitStatisticsViewController.h */ = {isa = PBXFileReference; lastKnownFileType = sourcecode.c.h; path = ProfitStatisticsViewController.h; sourceTree = "<group>"; };
		62072C23231B69EC0089AD43 /* ProfitStatisticsViewController.m */ = {isa = PBXFileReference; lastKnownFileType = sourcecode.c.objc; path = ProfitStatisticsViewController.m; sourceTree = "<group>"; };
		62072C25231B6C8D0089AD43 /* ProfitStatisticsCell.h */ = {isa = PBXFileReference; lastKnownFileType = sourcecode.c.h; path = ProfitStatisticsCell.h; sourceTree = "<group>"; };
		62072C26231B6C8D0089AD43 /* ProfitStatisticsCell.m */ = {isa = PBXFileReference; lastKnownFileType = sourcecode.c.objc; path = ProfitStatisticsCell.m; sourceTree = "<group>"; };
		62072C31231B77870089AD43 /* SHMultipleSwitchingItemsView.m */ = {isa = PBXFileReference; fileEncoding = 4; lastKnownFileType = sourcecode.c.objc; path = SHMultipleSwitchingItemsView.m; sourceTree = "<group>"; };
		62072C32231B77870089AD43 /* SHMultipleSwitchingItemsView.h */ = {isa = PBXFileReference; fileEncoding = 4; lastKnownFileType = sourcecode.c.h; path = SHMultipleSwitchingItemsView.h; sourceTree = "<group>"; };
		62072C34231B77D10089AD43 /* SHMultipleSwitchingItemModel.h */ = {isa = PBXFileReference; lastKnownFileType = sourcecode.c.h; path = SHMultipleSwitchingItemModel.h; sourceTree = "<group>"; };
		62072C35231B77D10089AD43 /* SHMultipleSwitchingItemModel.m */ = {isa = PBXFileReference; lastKnownFileType = sourcecode.c.objc; path = SHMultipleSwitchingItemModel.m; sourceTree = "<group>"; };
		624A49A023136234005B1391 /* SHNetworkComponent.h */ = {isa = PBXFileReference; fileEncoding = 4; lastKnownFileType = sourcecode.c.h; path = SHNetworkComponent.h; sourceTree = "<group>"; };
		624A49A123136234005B1391 /* SHNetworkStatusManagementComponent.h */ = {isa = PBXFileReference; fileEncoding = 4; lastKnownFileType = sourcecode.c.h; path = SHNetworkStatusManagementComponent.h; sourceTree = "<group>"; };
		624A49A223136234005B1391 /* SHNetworkComponent.m */ = {isa = PBXFileReference; fileEncoding = 4; lastKnownFileType = sourcecode.c.objc; path = SHNetworkComponent.m; sourceTree = "<group>"; };
		624A49A323136234005B1391 /* SHNetworkStatusManagementComponent.m */ = {isa = PBXFileReference; fileEncoding = 4; lastKnownFileType = sourcecode.c.objc; path = SHNetworkStatusManagementComponent.m; sourceTree = "<group>"; };
		624A49A623136234005B1391 /* SHNetworkControl.m */ = {isa = PBXFileReference; fileEncoding = 4; lastKnownFileType = sourcecode.c.objc; path = SHNetworkControl.m; sourceTree = "<group>"; };
		624A49A823136234005B1391 /* SHNetworkControl.h */ = {isa = PBXFileReference; fileEncoding = 4; lastKnownFileType = sourcecode.c.h; path = SHNetworkControl.h; sourceTree = "<group>"; };
		628AF1DD2314B238007BC0F8 /* VehicleFileDetailViewController.h */ = {isa = PBXFileReference; lastKnownFileType = sourcecode.c.h; path = VehicleFileDetailViewController.h; sourceTree = "<group>"; };
		628AF1DE2314B238007BC0F8 /* VehicleFileDetailViewController.m */ = {isa = PBXFileReference; lastKnownFileType = sourcecode.c.objc; path = VehicleFileDetailViewController.m; sourceTree = "<group>"; };
		628AF566231607FA007BC0F8 /* RevenueCell.h */ = {isa = PBXFileReference; lastKnownFileType = sourcecode.c.h; path = RevenueCell.h; sourceTree = "<group>"; };
		628AF567231607FA007BC0F8 /* RevenueCell.m */ = {isa = PBXFileReference; lastKnownFileType = sourcecode.c.objc; path = RevenueCell.m; sourceTree = "<group>"; };
		628AF56C2316926C007BC0F8 /* MaintenanceRecordsDetailViewController.h */ = {isa = PBXFileReference; lastKnownFileType = sourcecode.c.h; path = MaintenanceRecordsDetailViewController.h; sourceTree = "<group>"; };
		628AF56D2316926C007BC0F8 /* MaintenanceRecordsDetailViewController.m */ = {isa = PBXFileReference; lastKnownFileType = sourcecode.c.objc; path = MaintenanceRecordsDetailViewController.m; sourceTree = "<group>"; };
		628AF56F2316979F007BC0F8 /* VehicleFileForDetailVCCell.h */ = {isa = PBXFileReference; lastKnownFileType = sourcecode.c.h; path = VehicleFileForDetailVCCell.h; sourceTree = "<group>"; };
		628AF5702316979F007BC0F8 /* VehicleFileForDetailVCCell.m */ = {isa = PBXFileReference; lastKnownFileType = sourcecode.c.objc; path = VehicleFileForDetailVCCell.m; sourceTree = "<group>"; };
		628AF57223169B99007BC0F8 /* MaintenanceLogCell.h */ = {isa = PBXFileReference; lastKnownFileType = sourcecode.c.h; path = MaintenanceLogCell.h; sourceTree = "<group>"; };
		628AF57323169B99007BC0F8 /* MaintenanceLogCell.m */ = {isa = PBXFileReference; lastKnownFileType = sourcecode.c.objc; path = MaintenanceLogCell.m; sourceTree = "<group>"; };
		628AF5942318A544007BC0F8 /* SHTextView.m */ = {isa = PBXFileReference; fileEncoding = 4; lastKnownFileType = sourcecode.c.objc; path = SHTextView.m; sourceTree = "<group>"; };
		628AF5952318A544007BC0F8 /* SHTextView.h */ = {isa = PBXFileReference; fileEncoding = 4; lastKnownFileType = sourcecode.c.h; path = SHTextView.h; sourceTree = "<group>"; };
		628AF59D2318A97F007BC0F8 /* HighOrderPositioningController.h */ = {isa = PBXFileReference; fileEncoding = 4; lastKnownFileType = sourcecode.c.h; path = HighOrderPositioningController.h; sourceTree = "<group>"; };
		628AF59E2318A97F007BC0F8 /* HighOrderPositioningController.m */ = {isa = PBXFileReference; fileEncoding = 4; lastKnownFileType = sourcecode.c.objc; path = HighOrderPositioningController.m; sourceTree = "<group>"; };
		628AF5A02318A9A8007BC0F8 /* PositioningResultModel.h */ = {isa = PBXFileReference; lastKnownFileType = sourcecode.c.h; path = PositioningResultModel.h; sourceTree = "<group>"; };
		628AF5A12318A9A8007BC0F8 /* PositioningResultModel.m */ = {isa = PBXFileReference; lastKnownFileType = sourcecode.c.objc; path = PositioningResultModel.m; sourceTree = "<group>"; };
		62929B92231936E50018DE07 /* LogInRegisterModel.h */ = {isa = PBXFileReference; fileEncoding = 4; lastKnownFileType = sourcecode.c.h; path = LogInRegisterModel.h; sourceTree = "<group>"; };
		62929B93231936E50018DE07 /* LogInRegisterModel.m */ = {isa = PBXFileReference; fileEncoding = 4; lastKnownFileType = sourcecode.c.objc; path = LogInRegisterModel.m; sourceTree = "<group>"; };
		62929B95231937200018DE07 /* UserInforModel.h */ = {isa = PBXFileReference; lastKnownFileType = sourcecode.c.h; path = UserInforModel.h; sourceTree = "<group>"; };
		62929B96231937200018DE07 /* UserInforModel.m */ = {isa = PBXFileReference; lastKnownFileType = sourcecode.c.objc; path = UserInforModel.m; sourceTree = "<group>"; };
		62929B9B231938B10018DE07 /* SHCacheManagementcomponent.h */ = {isa = PBXFileReference; lastKnownFileType = sourcecode.c.h; path = SHCacheManagementcomponent.h; sourceTree = "<group>"; };
		62929B9C231938B10018DE07 /* SHCacheManagementcomponent.m */ = {isa = PBXFileReference; lastKnownFileType = sourcecode.c.objc; path = SHCacheManagementcomponent.m; sourceTree = "<group>"; };
		62929B9E231938DB0018DE07 /* SHCacheControl.h */ = {isa = PBXFileReference; lastKnownFileType = sourcecode.c.h; path = SHCacheControl.h; sourceTree = "<group>"; };
		62929B9F231938DB0018DE07 /* SHCacheControl.m */ = {isa = PBXFileReference; lastKnownFileType = sourcecode.c.objc; path = SHCacheControl.m; sourceTree = "<group>"; };
		62929BA223193A130018DE07 /* SHCacheManagementMiddleware.h */ = {isa = PBXFileReference; lastKnownFileType = sourcecode.c.h; path = SHCacheManagementMiddleware.h; sourceTree = "<group>"; };
		62929BA323193A130018DE07 /* SHCacheManagementMiddleware.m */ = {isa = PBXFileReference; lastKnownFileType = sourcecode.c.objc; path = SHCacheManagementMiddleware.m; sourceTree = "<group>"; };
		62929BA5231A11300018DE07 /* SHCacheManagementHeader.h */ = {isa = PBXFileReference; fileEncoding = 4; lastKnownFileType = sourcecode.c.h; path = SHCacheManagementHeader.h; sourceTree = "<group>"; };
		62929BAD231A1E430018DE07 /* UserInforController.h */ = {isa = PBXFileReference; lastKnownFileType = sourcecode.c.h; path = UserInforController.h; sourceTree = "<group>"; };
		62929BAE231A1E430018DE07 /* UserInforController.m */ = {isa = PBXFileReference; lastKnownFileType = sourcecode.c.objc; path = UserInforController.m; sourceTree = "<group>"; };
		62929BB0231A41890018DE07 /* SHHttpUrlFile.h */ = {isa = PBXFileReference; fileEncoding = 4; lastKnownFileType = sourcecode.c.h; path = SHHttpUrlFile.h; sourceTree = "<group>"; };
		62929BB2231A441F0018DE07 /* WorkbenchModel.h */ = {isa = PBXFileReference; lastKnownFileType = sourcecode.c.h; path = WorkbenchModel.h; sourceTree = "<group>"; };
		62929BB3231A441F0018DE07 /* WorkbenchModel.m */ = {isa = PBXFileReference; lastKnownFileType = sourcecode.c.objc; path = WorkbenchModel.m; sourceTree = "<group>"; };
		62929BB5231A44640018DE07 /* CarouselModel.h */ = {isa = PBXFileReference; lastKnownFileType = sourcecode.c.h; path = CarouselModel.h; sourceTree = "<group>"; };
		62929BB6231A44640018DE07 /* CarouselModel.m */ = {isa = PBXFileReference; lastKnownFileType = sourcecode.c.objc; path = CarouselModel.m; sourceTree = "<group>"; };
		62929BB8231A44920018DE07 /* AnnouncementModel.h */ = {isa = PBXFileReference; lastKnownFileType = sourcecode.c.h; path = AnnouncementModel.h; sourceTree = "<group>"; };
		62929BB9231A44920018DE07 /* AnnouncementModel.m */ = {isa = PBXFileReference; lastKnownFileType = sourcecode.c.objc; path = AnnouncementModel.m; sourceTree = "<group>"; };
/* End PBXFileReference section */

/* Begin PBXFrameworksBuildPhase section */
		0404852E230C1E6400EF17C8 /* Frameworks */ = {
			isa = PBXFrameworksBuildPhase;
			buildActionMask = 2147483647;
			files = (
				30FF6F3DEBE958424E3363A6 /* libPods-Car.a in Frameworks */,
			);
			runOnlyForDeploymentPostprocessing = 0;
		};
/* End PBXFrameworksBuildPhase section */

/* Begin PBXGroup section */
		04048528230C1E6300EF17C8 = {
			isa = PBXGroup;
			children = (
				04048533230C1E6400EF17C8 /* Car */,
				04048532230C1E6400EF17C8 /* Products */,
				69342650D3B774B22ECBF8D7 /* Pods */,
				46BB7468356326282D4EECCF /* Frameworks */,
			);
			sourceTree = "<group>";
		};
		04048532230C1E6400EF17C8 /* Products */ = {
			isa = PBXGroup;
			children = (
				04048531230C1E6400EF17C8 /* Car.app */,
			);
			name = Products;
			sourceTree = "<group>";
		};
		04048533230C1E6400EF17C8 /* Car */ = {
			isa = PBXGroup;
			children = (
				04048554230C205F00EF17C8 /* Base */,
				04048553230C205F00EF17C8 /* Business */,
				0404856D230C205F00EF17C8 /* Lib */,
				04048551230C1F9C00EF17C8 /* Source */,
				04048550230C1F0A00EF17C8 /* StoryBoard */,
				0404854A230C1EDD00EF17C8 /* AppLife */,
				0404853D230C1E6600EF17C8 /* Assets.xcassets */,
				04048542230C1E6600EF17C8 /* Info.plist */,
			);
			path = Car;
			sourceTree = "<group>";
		};
		0404854A230C1EDD00EF17C8 /* AppLife */ = {
			isa = PBXGroup;
			children = (
				0404854B230C1EDD00EF17C8 /* AppDelegate.h */,
				0404854D230C1EDD00EF17C8 /* AppDelegate.m */,
				0404854C230C1EDD00EF17C8 /* main.m */,
				04048552230C204300EF17C8 /* Car.pch */,
			);
			path = AppLife;
			sourceTree = "<group>";
		};
		04048550230C1F0A00EF17C8 /* StoryBoard */ = {
			isa = PBXGroup;
			children = (
				0404853A230C1E6400EF17C8 /* Main.storyboard */,
				0404853F230C1E6600EF17C8 /* LaunchScreen.storyboard */,
			);
			path = StoryBoard;
			sourceTree = "<group>";
		};
		04048551230C1F9C00EF17C8 /* Source */ = {
			isa = PBXGroup;
			children = (
			);
			path = Source;
			sourceTree = "<group>";
		};
		04048553230C205F00EF17C8 /* Business */ = {
			isa = PBXGroup;
			children = (
				040485A6230ECC9400EF17C8 /* Account */,
				04048580230C24D200EF17C8 /* Forum */,
				04048582230C24D200EF17C8 /* Home */,
				04048581230C24D200EF17C8 /* Marketing */,
				0404857F230C24D200EF17C8 /* Mine */,
				0404857E230C24D200EF17C8 /* Workbench */,
			);
			path = Business;
			sourceTree = "<group>";
		};
		04048554230C205F00EF17C8 /* Base */ = {
			isa = PBXGroup;
			children = (
				040485B72311096600EF17C8 /* SHRouting */,
				04048555230C205F00EF17C8 /* Category */,
				0404855A230C205F00EF17C8 /* BaseView */,
				04048561230C205F00EF17C8 /* BaseViewController */,
				04048568230C205F00EF17C8 /* BaseControl */,
			);
			path = Base;
			sourceTree = "<group>";
		};
		04048555230C205F00EF17C8 /* Category */ = {
			isa = PBXGroup;
			children = (
				04048558230C205F00EF17C8 /* NSString+SHTool.h */,
				04048556230C205F00EF17C8 /* NSString+SHTool.m */,
				04048557230C205F00EF17C8 /* UIColor+SHTool.h */,
				04048559230C205F00EF17C8 /* UIColor+SHTool.m */,
			);
			path = Category;
			sourceTree = "<group>";
		};
		0404855A230C205F00EF17C8 /* BaseView */ = {
			isa = PBXGroup;
			children = (
				62072C2B231B77660089AD43 /* SHMultipleSwitchingItemsView */,
				62072C20231A7A040089AD43 /* SHPageControl.h */,
				62072C1F231A7A040089AD43 /* SHPageControl.m */,
				628AF5952318A544007BC0F8 /* SHTextView.h */,
				628AF5942318A544007BC0F8 /* SHTextView.m */,
				040485F32311774500EF17C8 /* CarouselView */,
				0404857B230C217100EF17C8 /* FilletBtn.h */,
				0404857A230C217100EF17C8 /* FilletBtn.m */,
				04048579230C217100EF17C8 /* SHNavigationBar.h */,
				04048578230C217100EF17C8 /* SHNavigationBar.m */,
				0404855E230C205F00EF17C8 /* BaseView.h */,
				0404855B230C205F00EF17C8 /* BaseView.m */,
				040485B1230ECDC600EF17C8 /* ImageViewAndTextFieldAndBottomLineView.h */,
				040485B2230ECDC600EF17C8 /* ImageViewAndTextFieldAndBottomLineView.m */,
				040485B42310E34800EF17C8 /* GetVerificationCodeBtn.h */,
				040485B52310E34800EF17C8 /* GetVerificationCodeBtn.m */,
				0404860923122D1A00EF17C8 /* ImageAndLabelControl.h */,
				0404860A23122D1A00EF17C8 /* ImageAndLabelControl.m */,
				046DCB992312A42200C520D8 /* SHSearchBar.h */,
				046DCB9A2312A42200C520D8 /* SHSearchBar.m */,
			);
			path = BaseView;
			sourceTree = "<group>";
		};
		04048561230C205F00EF17C8 /* BaseViewController */ = {
			isa = PBXGroup;
			children = (
				04048567230C205F00EF17C8 /* BaseViewController.h */,
				04048564230C205F00EF17C8 /* BaseViewController.m */,
				04048566230C205F00EF17C8 /* BaseUIViewController.h */,
				04048562230C205F00EF17C8 /* BaseUIViewController.m */,
				04048565230C205F00EF17C8 /* BaseTableViewController.h */,
				04048563230C205F00EF17C8 /* BaseTableViewController.m */,
			);
			path = BaseViewController;
			sourceTree = "<group>";
		};
		04048568230C205F00EF17C8 /* BaseControl */ = {
			isa = PBXGroup;
			children = (
				628AF59A2318A97F007BC0F8 /* HighOrderPositioning */,
				0404856B230C205F00EF17C8 /* UIScreenControl.h */,
				04048569230C205F00EF17C8 /* UIScreenControl.m */,
			);
			path = BaseControl;
			sourceTree = "<group>";
		};
		0404856D230C205F00EF17C8 /* Lib */ = {
			isa = PBXGroup;
			children = (
				046DCB8C231272A900C520D8 /* TXScrollLabelView */,
			);
			path = Lib;
			sourceTree = "<group>";
		};
		0404857E230C24D200EF17C8 /* Workbench */ = {
			isa = PBXGroup;
			children = (
				62929BB1231A440D0018DE07 /* Model */,
				040485E9231135A800EF17C8 /* Cell */,
				04048594230C254000EF17C8 /* UIViewController */,
				04048595230C254000EF17C8 /* View */,
			);
			path = Workbench;
			sourceTree = "<group>";
		};
		0404857F230C24D200EF17C8 /* Mine */ = {
			isa = PBXGroup;
			children = (
				0404858F230C253900EF17C8 /* Controller */,
				04048592230C253900EF17C8 /* Model */,
				04048591230C253900EF17C8 /* UIViewController */,
				04048590230C253900EF17C8 /* View */,
			);
			path = Mine;
			sourceTree = "<group>";
		};
		04048580230C24D200EF17C8 /* Forum */ = {
			isa = PBXGroup;
			children = (
				04048586230C252400EF17C8 /* Controller */,
				04048585230C252300EF17C8 /* Model */,
				04048584230C252300EF17C8 /* UIViewController */,
				04048583230C252300EF17C8 /* View */,
			);
			path = Forum;
			sourceTree = "<group>";
		};
		04048581230C24D200EF17C8 /* Marketing */ = {
			isa = PBXGroup;
			children = (
				0404858C230C253200EF17C8 /* Controller */,
				0404858B230C253200EF17C8 /* Model */,
				0404858D230C253200EF17C8 /* UIViewController */,
				0404858E230C253200EF17C8 /* View */,
			);
			path = Marketing;
			sourceTree = "<group>";
		};
		04048582230C24D200EF17C8 /* Home */ = {
			isa = PBXGroup;
			children = (
				04048588230C252A00EF17C8 /* Controller */,
				04048589230C252A00EF17C8 /* Model */,
				04048587230C252A00EF17C8 /* UIViewController */,
				0404858A230C252A00EF17C8 /* View */,
			);
			path = Home;
			sourceTree = "<group>";
		};
		04048583230C252300EF17C8 /* View */ = {
			isa = PBXGroup;
			children = (
			);
			path = View;
			sourceTree = "<group>";
		};
		04048584230C252300EF17C8 /* UIViewController */ = {
			isa = PBXGroup;
			children = (
				04048597230C257700EF17C8 /* ForumViewController.h */,
				04048598230C257700EF17C8 /* ForumViewController.m */,
			);
			path = UIViewController;
			sourceTree = "<group>";
		};
		04048585230C252300EF17C8 /* Model */ = {
			isa = PBXGroup;
			children = (
			);
			path = Model;
			sourceTree = "<group>";
		};
		04048586230C252400EF17C8 /* Controller */ = {
			isa = PBXGroup;
			children = (
			);
			path = Controller;
			sourceTree = "<group>";
		};
		04048587230C252A00EF17C8 /* UIViewController */ = {
			isa = PBXGroup;
			children = (
				0404859A230C259900EF17C8 /* HomeViewController.h */,
				0404859B230C259900EF17C8 /* HomeViewController.m */,
			);
			path = UIViewController;
			sourceTree = "<group>";
		};
		04048588230C252A00EF17C8 /* Controller */ = {
			isa = PBXGroup;
			children = (
			);
			path = Controller;
			sourceTree = "<group>";
		};
		04048589230C252A00EF17C8 /* Model */ = {
			isa = PBXGroup;
			children = (
			);
			path = Model;
			sourceTree = "<group>";
		};
		0404858A230C252A00EF17C8 /* View */ = {
			isa = PBXGroup;
			children = (
			);
			path = View;
			sourceTree = "<group>";
		};
		0404858B230C253200EF17C8 /* Model */ = {
			isa = PBXGroup;
			children = (
			);
			path = Model;
			sourceTree = "<group>";
		};
		0404858C230C253200EF17C8 /* Controller */ = {
			isa = PBXGroup;
			children = (
			);
			path = Controller;
			sourceTree = "<group>";
		};
		0404858D230C253200EF17C8 /* UIViewController */ = {
			isa = PBXGroup;
			children = (
				0404859D230C25BA00EF17C8 /* MarketingViewController.h */,
				0404859E230C25BA00EF17C8 /* MarketingViewController.m */,
			);
			path = UIViewController;
			sourceTree = "<group>";
		};
		0404858E230C253200EF17C8 /* View */ = {
			isa = PBXGroup;
			children = (
			);
			path = View;
			sourceTree = "<group>";
		};
		0404858F230C253900EF17C8 /* Controller */ = {
			isa = PBXGroup;
			children = (
			);
			path = Controller;
			sourceTree = "<group>";
		};
		04048590230C253900EF17C8 /* View */ = {
			isa = PBXGroup;
			children = (
			);
			path = View;
			sourceTree = "<group>";
		};
		04048591230C253900EF17C8 /* UIViewController */ = {
			isa = PBXGroup;
			children = (
				040485A0230C25D200EF17C8 /* MineViewController.h */,
				040485A1230C25D200EF17C8 /* MineViewController.m */,
			);
			path = UIViewController;
			sourceTree = "<group>";
		};
		04048592230C253900EF17C8 /* Model */ = {
			isa = PBXGroup;
			children = (
			);
			path = Model;
			sourceTree = "<group>";
		};
		04048594230C254000EF17C8 /* UIViewController */ = {
			isa = PBXGroup;
			children = (
				040485A3230C25F800EF17C8 /* WorkbenchViewController.h */,
				040485A4230C25F800EF17C8 /* WorkbenchViewController.m */,
				046DCB9323129BEA00C520D8 /* VehicleFileViewController.h */,
				046DCB9423129BEA00C520D8 /* VehicleFileViewController.m */,
				046DCBA22312CEB600C520D8 /* FastPickUpViewController.h */,
				046DCBA32312CEB600C520D8 /* FastPickUpViewController.m */,
				628AF1DD2314B238007BC0F8 /* VehicleFileDetailViewController.h */,
				628AF1DE2314B238007BC0F8 /* VehicleFileDetailViewController.m */,
				0498B5BD23156D0000A5EDC1 /* OneCarMaintenanceRecordsViewController.h */,
				0498B5BE23156D0000A5EDC1 /* OneCarMaintenanceRecordsViewController.m */,
				0498B5C42315B16C00A5EDC1 /* MaintenanceRecordsViewController.h */,
				0498B5C52315B16C00A5EDC1 /* MaintenanceRecordsViewController.m */,
				0498B5C72315B9C700A5EDC1 /* RevenueListViewController.h */,
				0498B5C82315B9C700A5EDC1 /* RevenueListViewController.m */,
				628AF56C2316926C007BC0F8 /* MaintenanceRecordsDetailViewController.h */,
				628AF56D2316926C007BC0F8 /* MaintenanceRecordsDetailViewController.m */,
				62072C22231B69EC0089AD43 /* ProfitStatisticsViewController.h */,
				62072C23231B69EC0089AD43 /* ProfitStatisticsViewController.m */,
				04AF9B0C231AAD90002C8ADB /* PaymentManagementViewController.h */,
				04AF9B0D231AAD90002C8ADB /* PaymentManagementViewController.m */,
			);
			path = UIViewController;
			sourceTree = "<group>";
		};
		04048595230C254000EF17C8 /* View */ = {
			isa = PBXGroup;
			children = (
			);
			path = View;
			sourceTree = "<group>";
		};
		040485A6230ECC9400EF17C8 /* Account */ = {
			isa = PBXGroup;
			children = (
				62929BA9231A1DF10018DE07 /* Controller */,
				62929B91231936E50018DE07 /* Model */,
				040485A8230ECC9400EF17C8 /* UIViewController */,
			);
			path = Account;
			sourceTree = "<group>";
		};
		040485A8230ECC9400EF17C8 /* UIViewController */ = {
			isa = PBXGroup;
			children = (
				040485AE230ECCDB00EF17C8 /* LoginViewController.h */,
				040485AF230ECCDB00EF17C8 /* LoginViewController.m */,
			);
			path = UIViewController;
			sourceTree = "<group>";
		};
		040485B72311096600EF17C8 /* SHRouting */ = {
			isa = PBXGroup;
			children = (
				62929B98231938970018DE07 /* SHCacheManagementcomponent */,
				624A499E23136234005B1391 /* SHNetworkComponent */,
				040485B82311096700EF17C8 /* SHMiddlewareComponent */,
				040485D22311096700EF17C8 /* SHRoutingComponent */,
			);
			path = SHRouting;
			sourceTree = "<group>";
		};
		040485B82311096700EF17C8 /* SHMiddlewareComponent */ = {
			isa = PBXGroup;
			children = (
				040485B92311096700EF17C8 /* middleware */,
				040485CC2311096700EF17C8 /* Interface */,
				040485CF2311096700EF17C8 /* control */,
			);
			path = SHMiddlewareComponent;
			sourceTree = "<group>";
		};
		040485B92311096700EF17C8 /* middleware */ = {
			isa = PBXGroup;
			children = (
				040485CA2311096700EF17C8 /* SHNetworkRequestMiddleware.h */,
				040485C12311096700EF17C8 /* SHNetworkRequestMiddleware.m */,
				62929BA223193A130018DE07 /* SHCacheManagementMiddleware.h */,
				62929BA323193A130018DE07 /* SHCacheManagementMiddleware.m */,
			);
			path = middleware;
			sourceTree = "<group>";
		};
		040485CC2311096700EF17C8 /* Interface */ = {
			isa = PBXGroup;
			children = (
				040485CD2311096700EF17C8 /* SHMiddlewareComponent.h */,
				040485CE2311096700EF17C8 /* SHMiddlewareComponent.m */,
			);
			path = Interface;
			sourceTree = "<group>";
		};
		040485CF2311096700EF17C8 /* control */ = {
			isa = PBXGroup;
			children = (
				040485D02311096700EF17C8 /* MiddlewareReflectionControl.h */,
				040485D12311096700EF17C8 /* MiddlewareReflectionControl.m */,
			);
			path = control;
			sourceTree = "<group>";
		};
		040485D22311096700EF17C8 /* SHRoutingComponent */ = {
			isa = PBXGroup;
			children = (
				040485D52311096700EF17C8 /* SHRoutingComponent.h */,
				040485D32311096700EF17C8 /* SHRoutingComponent.m */,
				040485D42311096700EF17C8 /* CommandList.h */,
				040485D62311096700EF17C8 /* CommandDemoList.h */,
			);
			path = SHRoutingComponent;
			sourceTree = "<group>";
		};
		040485E9231135A800EF17C8 /* Cell */ = {
			isa = PBXGroup;
			children = (
				040485EA231135DE00EF17C8 /* AutoRepairShopCell.h */,
				040485EB231135DE00EF17C8 /* AutoRepairShopCell.m */,
				040485ED2311723D00EF17C8 /* CarouselCell.h */,
				040485EE2311723D00EF17C8 /* CarouselCell.m */,
				040485FA231187AD00EF17C8 /* SearchBarCell.h */,
				040485FB231187AD00EF17C8 /* SearchBarCell.m */,
				040485FD2311880200EF17C8 /* AnnouncementCell.h */,
				040485FE2311880200EF17C8 /* AnnouncementCell.m */,
				040486002311883B00EF17C8 /* CustomerManagementCell.h */,
				040486012311883B00EF17C8 /* CustomerManagementCell.m */,
				046DCB9C2312A60300C520D8 /* SearchBarTwoCell.h */,
				046DCB9D2312A60300C520D8 /* SearchBarTwoCell.m */,
				046DCB9F2312C56000C520D8 /* VehicleFileCell.h */,
				046DCBA02312C56000C520D8 /* VehicleFileCell.m */,
				046DCBA52312D27F00C520D8 /* IdentificationDrivingLicenseCell.h */,
				046DCBA62312D27F00C520D8 /* IdentificationDrivingLicenseCell.m */,
				0498B5B723140DF700A5EDC1 /* VehicleInformationCell.h */,
				0498B5B823140DF700A5EDC1 /* VehicleInformationCell.m */,
				0498B5BA23141A4A00A5EDC1 /* DriverInformationCell.h */,
				0498B5BB23141A4A00A5EDC1 /* DriverInformationCell.m */,
				0498B5C1231573A800A5EDC1 /* MaintenanceRecordsCell.h */,
				0498B5C2231573A800A5EDC1 /* MaintenanceRecordsCell.m */,
				628AF566231607FA007BC0F8 /* RevenueCell.h */,
				628AF567231607FA007BC0F8 /* RevenueCell.m */,
				628AF56F2316979F007BC0F8 /* VehicleFileForDetailVCCell.h */,
				628AF5702316979F007BC0F8 /* VehicleFileForDetailVCCell.m */,
				628AF57223169B99007BC0F8 /* MaintenanceLogCell.h */,
				628AF57323169B99007BC0F8 /* MaintenanceLogCell.m */,
				62072C25231B6C8D0089AD43 /* ProfitStatisticsCell.h */,
				62072C26231B6C8D0089AD43 /* ProfitStatisticsCell.m */,
			);
			path = Cell;
			sourceTree = "<group>";
		};
		040485F32311774500EF17C8 /* CarouselView */ = {
			isa = PBXGroup;
			children = (
				62072C08231A55C20089AD43 /* Model */,
				62072C09231A55C20089AD43 /* UIView */,
			);
			path = CarouselView;
			sourceTree = "<group>";
		};
		046DCB8C231272A900C520D8 /* TXScrollLabelView */ = {
			isa = PBXGroup;
			children = (
				046DCB8D231272A900C520D8 /* TXScrollLabelView.h */,
				046DCB8F231272A900C520D8 /* TXScrollLabelView.m */,
				046DCB8E231272A900C520D8 /* UIView+TXFrame.h */,
				046DCB90231272A900C520D8 /* UIView+TXFrame.m */,
			);
			path = TXScrollLabelView;
			sourceTree = "<group>";
		};
		46BB7468356326282D4EECCF /* Frameworks */ = {
			isa = PBXGroup;
			children = (
				169DA7AB73986B7D0622997D /* libPods-Car.a */,
			);
			name = Frameworks;
			sourceTree = "<group>";
		};
		62072C08231A55C20089AD43 /* Model */ = {
			isa = PBXGroup;
			children = (
				62072C10231A568D0089AD43 /* CarouselDataModel.h */,
				62072C11231A568D0089AD43 /* CarouselDataModel.m */,
			);
			path = Model;
			sourceTree = "<group>";
		};
		62072C09231A55C20089AD43 /* UIView */ = {
			isa = PBXGroup;
			children = (
				62072C0A231A55C20089AD43 /* CarouselView.h */,
				62072C0C231A55C20089AD43 /* CarouselView.m */,
				62072C0B231A55C20089AD43 /* CarouselCollectionViewCell.h */,
				62072C0D231A55C20089AD43 /* CarouselCollectionViewCell.m */,
			);
			path = UIView;
			sourceTree = "<group>";
		};
		62072C2B231B77660089AD43 /* SHMultipleSwitchingItemsView */ = {
			isa = PBXGroup;
			children = (
				62072C2E231B77660089AD43 /* Model */,
				62072C2F231B77660089AD43 /* View */,
			);
			path = SHMultipleSwitchingItemsView;
			sourceTree = "<group>";
		};
		62072C2E231B77660089AD43 /* Model */ = {
			isa = PBXGroup;
			children = (
				62072C34231B77D10089AD43 /* SHMultipleSwitchingItemModel.h */,
				62072C35231B77D10089AD43 /* SHMultipleSwitchingItemModel.m */,
			);
			path = Model;
			sourceTree = "<group>";
		};
		62072C2F231B77660089AD43 /* View */ = {
			isa = PBXGroup;
			children = (
				62072C32231B77870089AD43 /* SHMultipleSwitchingItemsView.h */,
				62072C31231B77870089AD43 /* SHMultipleSwitchingItemsView.m */,
			);
			path = View;
			sourceTree = "<group>";
		};
		624A499E23136234005B1391 /* SHNetworkComponent */ = {
			isa = PBXGroup;
			children = (
				624A499F23136234005B1391 /* Interface */,
				624A49A423136234005B1391 /* Controller */,
			);
			path = SHNetworkComponent;
			sourceTree = "<group>";
		};
		624A499F23136234005B1391 /* Interface */ = {
			isa = PBXGroup;
			children = (
				62929BB0231A41890018DE07 /* SHHttpUrlFile.h */,
				624A49A023136234005B1391 /* SHNetworkComponent.h */,
				624A49A223136234005B1391 /* SHNetworkComponent.m */,
				624A49A123136234005B1391 /* SHNetworkStatusManagementComponent.h */,
				624A49A323136234005B1391 /* SHNetworkStatusManagementComponent.m */,
			);
			path = Interface;
			sourceTree = "<group>";
		};
		624A49A423136234005B1391 /* Controller */ = {
			isa = PBXGroup;
			children = (
				624A49A823136234005B1391 /* SHNetworkControl.h */,
				624A49A623136234005B1391 /* SHNetworkControl.m */,
			);
			path = Controller;
			sourceTree = "<group>";
		};
		628AF59A2318A97F007BC0F8 /* HighOrderPositioning */ = {
			isa = PBXGroup;
			children = (
				628AF59B2318A97F007BC0F8 /* Model */,
				628AF59C2318A97F007BC0F8 /* Control */,
			);
			path = HighOrderPositioning;
			sourceTree = "<group>";
		};
		628AF59B2318A97F007BC0F8 /* Model */ = {
			isa = PBXGroup;
			children = (
				628AF5A02318A9A8007BC0F8 /* PositioningResultModel.h */,
				628AF5A12318A9A8007BC0F8 /* PositioningResultModel.m */,
			);
			path = Model;
			sourceTree = "<group>";
		};
		628AF59C2318A97F007BC0F8 /* Control */ = {
			isa = PBXGroup;
			children = (
				628AF59D2318A97F007BC0F8 /* HighOrderPositioningController.h */,
				628AF59E2318A97F007BC0F8 /* HighOrderPositioningController.m */,
			);
			path = Control;
			sourceTree = "<group>";
		};
		62929B91231936E50018DE07 /* Model */ = {
			isa = PBXGroup;
			children = (
				62929B92231936E50018DE07 /* LogInRegisterModel.h */,
				62929B93231936E50018DE07 /* LogInRegisterModel.m */,
				62929B95231937200018DE07 /* UserInforModel.h */,
				62929B96231937200018DE07 /* UserInforModel.m */,
			);
			path = Model;
			sourceTree = "<group>";
		};
		62929B98231938970018DE07 /* SHCacheManagementcomponent */ = {
			isa = PBXGroup;
			children = (
				62929B99231938970018DE07 /* Interface */,
				62929B9A231938970018DE07 /* Controller */,
			);
			path = SHCacheManagementcomponent;
			sourceTree = "<group>";
		};
		62929B99231938970018DE07 /* Interface */ = {
			isa = PBXGroup;
			children = (
				62929BA5231A11300018DE07 /* SHCacheManagementHeader.h */,
				62929B9B231938B10018DE07 /* SHCacheManagementcomponent.h */,
				62929B9C231938B10018DE07 /* SHCacheManagementcomponent.m */,
			);
			path = Interface;
			sourceTree = "<group>";
		};
		62929B9A231938970018DE07 /* Controller */ = {
			isa = PBXGroup;
			children = (
				62929B9E231938DB0018DE07 /* SHCacheControl.h */,
				62929B9F231938DB0018DE07 /* SHCacheControl.m */,
			);
			path = Controller;
			sourceTree = "<group>";
		};
		62929BA9231A1DF10018DE07 /* Controller */ = {
			isa = PBXGroup;
			children = (
				62929BAD231A1E430018DE07 /* UserInforController.h */,
				62929BAE231A1E430018DE07 /* UserInforController.m */,
			);
			path = Controller;
			sourceTree = "<group>";
		};
		62929BB1231A440D0018DE07 /* Model */ = {
			isa = PBXGroup;
			children = (
				62929BB2231A441F0018DE07 /* WorkbenchModel.h */,
				62929BB3231A441F0018DE07 /* WorkbenchModel.m */,
				62929BB5231A44640018DE07 /* CarouselModel.h */,
				62929BB6231A44640018DE07 /* CarouselModel.m */,
				62929BB8231A44920018DE07 /* AnnouncementModel.h */,
				62929BB9231A44920018DE07 /* AnnouncementModel.m */,
			);
			path = Model;
			sourceTree = "<group>";
		};
		69342650D3B774B22ECBF8D7 /* Pods */ = {
			isa = PBXGroup;
			children = (
				5E7717D7D9C110031B9D25E9 /* Pods-Car.debug.xcconfig */,
				11E7FD406732E1695AAC11D1 /* Pods-Car.release.xcconfig */,
			);
			name = Pods;
			sourceTree = "<group>";
		};
/* End PBXGroup section */

/* Begin PBXNativeTarget section */
		04048530230C1E6400EF17C8 /* Car */ = {
			isa = PBXNativeTarget;
			buildConfigurationList = 04048547230C1E6600EF17C8 /* Build configuration list for PBXNativeTarget "Car" */;
			buildPhases = (
				3B465E36F53EE76C93ED7CB5 /* [CP] Check Pods Manifest.lock */,
				0404852D230C1E6400EF17C8 /* Sources */,
				0404852E230C1E6400EF17C8 /* Frameworks */,
				0404852F230C1E6400EF17C8 /* Resources */,
				7FAF6D56F04C832F89E65F39 /* [CP] Copy Pods Resources */,
			);
			buildRules = (
			);
			dependencies = (
			);
			name = Car;
			productName = Car;
			productReference = 04048531230C1E6400EF17C8 /* Car.app */;
			productType = "com.apple.product-type.application";
		};
/* End PBXNativeTarget section */

/* Begin PBXProject section */
		04048529230C1E6300EF17C8 /* Project object */ = {
			isa = PBXProject;
			attributes = {
				LastUpgradeCheck = 1020;
				ORGANIZATIONNAME = SmallHeat;
				TargetAttributes = {
					04048530230C1E6400EF17C8 = {
						CreatedOnToolsVersion = 10.2.1;
					};
				};
			};
			buildConfigurationList = 0404852C230C1E6300EF17C8 /* Build configuration list for PBXProject "Car" */;
			compatibilityVersion = "Xcode 9.3";
			developmentRegion = en;
			hasScannedForEncodings = 0;
			knownRegions = (
				en,
				Base,
			);
			mainGroup = 04048528230C1E6300EF17C8;
			productRefGroup = 04048532230C1E6400EF17C8 /* Products */;
			projectDirPath = "";
			projectRoot = "";
			targets = (
				04048530230C1E6400EF17C8 /* Car */,
			);
		};
/* End PBXProject section */

/* Begin PBXResourcesBuildPhase section */
		0404852F230C1E6400EF17C8 /* Resources */ = {
			isa = PBXResourcesBuildPhase;
			buildActionMask = 2147483647;
			files = (
				04048541230C1E6600EF17C8 /* LaunchScreen.storyboard in Resources */,
				0404853E230C1E6600EF17C8 /* Assets.xcassets in Resources */,
				0404853C230C1E6400EF17C8 /* Main.storyboard in Resources */,
			);
			runOnlyForDeploymentPostprocessing = 0;
		};
/* End PBXResourcesBuildPhase section */

/* Begin PBXShellScriptBuildPhase section */
		3B465E36F53EE76C93ED7CB5 /* [CP] Check Pods Manifest.lock */ = {
			isa = PBXShellScriptBuildPhase;
			buildActionMask = 2147483647;
			files = (
			);
			inputFileListPaths = (
			);
			inputPaths = (
				"${PODS_PODFILE_DIR_PATH}/Podfile.lock",
				"${PODS_ROOT}/Manifest.lock",
			);
			name = "[CP] Check Pods Manifest.lock";
			outputFileListPaths = (
			);
			outputPaths = (
				"$(DERIVED_FILE_DIR)/Pods-Car-checkManifestLockResult.txt",
			);
			runOnlyForDeploymentPostprocessing = 0;
			shellPath = /bin/sh;
			shellScript = "diff \"${PODS_PODFILE_DIR_PATH}/Podfile.lock\" \"${PODS_ROOT}/Manifest.lock\" > /dev/null\nif [ $? != 0 ] ; then\n    # print error to STDERR\n    echo \"error: The sandbox is not in sync with the Podfile.lock. Run 'pod install' or update your CocoaPods installation.\" >&2\n    exit 1\nfi\n# This output is used by Xcode 'outputs' to avoid re-running this script phase.\necho \"SUCCESS\" > \"${SCRIPT_OUTPUT_FILE_0}\"\n";
			showEnvVarsInLog = 0;
		};
		7FAF6D56F04C832F89E65F39 /* [CP] Copy Pods Resources */ = {
			isa = PBXShellScriptBuildPhase;
			buildActionMask = 2147483647;
			files = (
			);
			inputFileListPaths = (
			);
			inputPaths = (
				"${SRCROOT}/Pods/Target Support Files/Pods-Car/Pods-Car-resources.sh",
				"${PODS_ROOT}/MJRefresh/MJRefresh/MJRefresh.bundle",
			);
			name = "[CP] Copy Pods Resources";
			outputFileListPaths = (
			);
			outputPaths = (
				"${TARGET_BUILD_DIR}/${UNLOCALIZED_RESOURCES_FOLDER_PATH}/MJRefresh.bundle",
			);
			runOnlyForDeploymentPostprocessing = 0;
			shellPath = /bin/sh;
			shellScript = "\"${SRCROOT}/Pods/Target Support Files/Pods-Car/Pods-Car-resources.sh\"\n";
			showEnvVarsInLog = 0;
		};
/* End PBXShellScriptBuildPhase section */

/* Begin PBXSourcesBuildPhase section */
		0404852D230C1E6400EF17C8 /* Sources */ = {
			isa = PBXSourcesBuildPhase;
			buildActionMask = 2147483647;
			files = (
				0404860B23122D1A00EF17C8 /* ImageAndLabelControl.m in Sources */,
				0498B5C62315B16C00A5EDC1 /* MaintenanceRecordsViewController.m in Sources */,
				040485B3230ECDC600EF17C8 /* ImageViewAndTextFieldAndBottomLineView.m in Sources */,
				04AF9B0E231AAD90002C8ADB /* PaymentManagementViewController.m in Sources */,
				040485B62310E34800EF17C8 /* GetVerificationCodeBtn.m in Sources */,
				0404856E230C205F00EF17C8 /* NSString+SHTool.m in Sources */,
				62072C24231B69EC0089AD43 /* ProfitStatisticsViewController.m in Sources */,
				0404854E230C1EDD00EF17C8 /* main.m in Sources */,
				62929B94231936E50018DE07 /* LogInRegisterModel.m in Sources */,
				040485A5230C25F800EF17C8 /* WorkbenchViewController.m in Sources */,
				04048575230C205F00EF17C8 /* BaseViewController.m in Sources */,
				0404857D230C217100EF17C8 /* FilletBtn.m in Sources */,
				62929BBA231A44920018DE07 /* AnnouncementModel.m in Sources */,
				046DCBA12312C56000C520D8 /* VehicleFileCell.m in Sources */,
				628AF57423169B99007BC0F8 /* MaintenanceLogCell.m in Sources */,
				628AF56E2316926C007BC0F8 /* MaintenanceRecordsDetailViewController.m in Sources */,
				04048576230C205F00EF17C8 /* UIScreenControl.m in Sources */,
				040485FF2311880200EF17C8 /* AnnouncementCell.m in Sources */,
				628AF5A22318A9A8007BC0F8 /* PositioningResultModel.m in Sources */,
				62072C36231B77D10089AD43 /* SHMultipleSwitchingItemModel.m in Sources */,
				62072C21231A7A050089AD43 /* SHPageControl.m in Sources */,
				0498B5C92315B9C700A5EDC1 /* RevenueListViewController.m in Sources */,
				628AF568231607FA007BC0F8 /* RevenueCell.m in Sources */,
				628AF59F2318A97F007BC0F8 /* HighOrderPositioningController.m in Sources */,
				040485FC231187AD00EF17C8 /* SearchBarCell.m in Sources */,
				040485E12311096700EF17C8 /* MiddlewareReflectionControl.m in Sources */,
				62929B97231937200018DE07 /* UserInforModel.m in Sources */,
				0404859F230C25BA00EF17C8 /* MarketingViewController.m in Sources */,
				046DCB9B2312A42200C520D8 /* SHSearchBar.m in Sources */,
				0404857C230C217100EF17C8 /* SHNavigationBar.m in Sources */,
				046DCBA72312D27F00C520D8 /* IdentificationDrivingLicenseCell.m in Sources */,
				040485EF2311723D00EF17C8 /* CarouselCell.m in Sources */,
				62072C0F231A55C20089AD43 /* CarouselCollectionViewCell.m in Sources */,
				046DCB92231272A900C520D8 /* UIView+TXFrame.m in Sources */,
				62929BB7231A44640018DE07 /* CarouselModel.m in Sources */,
				046DCB91231272A900C520D8 /* TXScrollLabelView.m in Sources */,
				0498B5B923140DF700A5EDC1 /* VehicleInformationCell.m in Sources */,
				0404859C230C259900EF17C8 /* HomeViewController.m in Sources */,
				04048599230C257700EF17C8 /* ForumViewController.m in Sources */,
				0498B5C3231573A800A5EDC1 /* MaintenanceRecordsCell.m in Sources */,
				04048574230C205F00EF17C8 /* BaseTableViewController.m in Sources */,
				040485A2230C25D200EF17C8 /* MineViewController.m in Sources */,
				624A49A923136234005B1391 /* SHNetworkComponent.m in Sources */,
				0404856F230C205F00EF17C8 /* UIColor+SHTool.m in Sources */,
				62929BA423193A130018DE07 /* SHCacheManagementMiddleware.m in Sources */,
				040485B0230ECCDB00EF17C8 /* LoginViewController.m in Sources */,
				046DCBA42312CEB600C520D8 /* FastPickUpViewController.m in Sources */,
				0404854F230C1EDD00EF17C8 /* AppDelegate.m in Sources */,
				62929BA0231938DB0018DE07 /* SHCacheControl.m in Sources */,
				62929BAF231A1E430018DE07 /* UserInforController.m in Sources */,
				046DCB9523129BEA00C520D8 /* VehicleFileViewController.m in Sources */,
				62072C33231B77870089AD43 /* SHMultipleSwitchingItemsView.m in Sources */,
				624A49AA23136234005B1391 /* SHNetworkStatusManagementComponent.m in Sources */,
				0498B5BC23141A4A00A5EDC1 /* DriverInformationCell.m in Sources */,
				628AF1DF2314B238007BC0F8 /* VehicleFileDetailViewController.m in Sources */,
				040485EC231135DE00EF17C8 /* AutoRepairShopCell.m in Sources */,
				62929B9D231938B10018DE07 /* SHCacheManagementcomponent.m in Sources */,
				040485DA2311096700EF17C8 /* SHNetworkRequestMiddleware.m in Sources */,
				04048573230C205F00EF17C8 /* BaseUIViewController.m in Sources */,
				62072C27231B6C8D0089AD43 /* ProfitStatisticsCell.m in Sources */,
				0498B5C02315705000A5EDC1 /* OneCarMaintenanceRecordsViewController.m in Sources */,
				040485E02311096700EF17C8 /* SHMiddlewareComponent.m in Sources */,
				628AF5712316979F007BC0F8 /* VehicleFileForDetailVCCell.m in Sources */,
				040485E22311096700EF17C8 /* SHRoutingComponent.m in Sources */,
				62072C12231A568D0089AD43 /* CarouselDataModel.m in Sources */,
				04048570230C205F00EF17C8 /* BaseView.m in Sources */,
				040486022311883B00EF17C8 /* CustomerManagementCell.m in Sources */,
				624A49AC23136234005B1391 /* SHNetworkControl.m in Sources */,
				046DCB9E2312A60300C520D8 /* SearchBarTwoCell.m in Sources */,
				62929BB4231A441F0018DE07 /* WorkbenchModel.m in Sources */,
				62072C0E231A55C20089AD43 /* CarouselView.m in Sources */,
			);
			runOnlyForDeploymentPostprocessing = 0;
		};
/* End PBXSourcesBuildPhase section */

/* Begin PBXVariantGroup section */
		0404853A230C1E6400EF17C8 /* Main.storyboard */ = {
			isa = PBXVariantGroup;
			children = (
				0404853B230C1E6400EF17C8 /* Base */,
			);
			name = Main.storyboard;
			sourceTree = "<group>";
		};
		0404853F230C1E6600EF17C8 /* LaunchScreen.storyboard */ = {
			isa = PBXVariantGroup;
			children = (
				04048540230C1E6600EF17C8 /* Base */,
			);
			name = LaunchScreen.storyboard;
			sourceTree = "<group>";
		};
/* End PBXVariantGroup section */

/* Begin XCBuildConfiguration section */
		04048545230C1E6600EF17C8 /* Debug */ = {
			isa = XCBuildConfiguration;
			buildSettings = {
				ALWAYS_SEARCH_USER_PATHS = NO;
				CLANG_ANALYZER_NONNULL = YES;
				CLANG_ANALYZER_NUMBER_OBJECT_CONVERSION = YES_AGGRESSIVE;
				CLANG_CXX_LANGUAGE_STANDARD = "gnu++14";
				CLANG_CXX_LIBRARY = "libc++";
				CLANG_ENABLE_MODULES = YES;
				CLANG_ENABLE_OBJC_ARC = YES;
				CLANG_ENABLE_OBJC_WEAK = YES;
				CLANG_WARN_BLOCK_CAPTURE_AUTORELEASING = YES;
				CLANG_WARN_BOOL_CONVERSION = YES;
				CLANG_WARN_COMMA = YES;
				CLANG_WARN_CONSTANT_CONVERSION = YES;
				CLANG_WARN_DEPRECATED_OBJC_IMPLEMENTATIONS = YES;
				CLANG_WARN_DIRECT_OBJC_ISA_USAGE = YES_ERROR;
				CLANG_WARN_DOCUMENTATION_COMMENTS = YES;
				CLANG_WARN_EMPTY_BODY = YES;
				CLANG_WARN_ENUM_CONVERSION = YES;
				CLANG_WARN_INFINITE_RECURSION = YES;
				CLANG_WARN_INT_CONVERSION = YES;
				CLANG_WARN_NON_LITERAL_NULL_CONVERSION = YES;
				CLANG_WARN_OBJC_IMPLICIT_RETAIN_SELF = YES;
				CLANG_WARN_OBJC_LITERAL_CONVERSION = YES;
				CLANG_WARN_OBJC_ROOT_CLASS = YES_ERROR;
				CLANG_WARN_RANGE_LOOP_ANALYSIS = YES;
				CLANG_WARN_STRICT_PROTOTYPES = YES;
				CLANG_WARN_SUSPICIOUS_MOVE = YES;
				CLANG_WARN_UNGUARDED_AVAILABILITY = YES_AGGRESSIVE;
				CLANG_WARN_UNREACHABLE_CODE = YES;
				CLANG_WARN__DUPLICATE_METHOD_MATCH = YES;
				CODE_SIGN_IDENTITY = "iPhone Developer";
				COPY_PHASE_STRIP = NO;
				DEBUG_INFORMATION_FORMAT = dwarf;
				ENABLE_STRICT_OBJC_MSGSEND = YES;
				ENABLE_TESTABILITY = YES;
				GCC_C_LANGUAGE_STANDARD = gnu11;
				GCC_DYNAMIC_NO_PIC = NO;
				GCC_NO_COMMON_BLOCKS = YES;
				GCC_OPTIMIZATION_LEVEL = 0;
				GCC_PREPROCESSOR_DEFINITIONS = (
					"DEBUG=1",
					"$(inherited)",
				);
				GCC_WARN_64_TO_32_BIT_CONVERSION = YES;
				GCC_WARN_ABOUT_RETURN_TYPE = YES_ERROR;
				GCC_WARN_UNDECLARED_SELECTOR = YES;
				GCC_WARN_UNINITIALIZED_AUTOS = YES_AGGRESSIVE;
				GCC_WARN_UNUSED_FUNCTION = YES;
				GCC_WARN_UNUSED_VARIABLE = YES;
				IPHONEOS_DEPLOYMENT_TARGET = 12.2;
				MTL_ENABLE_DEBUG_INFO = INCLUDE_SOURCE;
				MTL_FAST_MATH = YES;
				ONLY_ACTIVE_ARCH = YES;
				SDKROOT = iphoneos;
			};
			name = Debug;
		};
		04048546230C1E6600EF17C8 /* Release */ = {
			isa = XCBuildConfiguration;
			buildSettings = {
				ALWAYS_SEARCH_USER_PATHS = NO;
				CLANG_ANALYZER_NONNULL = YES;
				CLANG_ANALYZER_NUMBER_OBJECT_CONVERSION = YES_AGGRESSIVE;
				CLANG_CXX_LANGUAGE_STANDARD = "gnu++14";
				CLANG_CXX_LIBRARY = "libc++";
				CLANG_ENABLE_MODULES = YES;
				CLANG_ENABLE_OBJC_ARC = YES;
				CLANG_ENABLE_OBJC_WEAK = YES;
				CLANG_WARN_BLOCK_CAPTURE_AUTORELEASING = YES;
				CLANG_WARN_BOOL_CONVERSION = YES;
				CLANG_WARN_COMMA = YES;
				CLANG_WARN_CONSTANT_CONVERSION = YES;
				CLANG_WARN_DEPRECATED_OBJC_IMPLEMENTATIONS = YES;
				CLANG_WARN_DIRECT_OBJC_ISA_USAGE = YES_ERROR;
				CLANG_WARN_DOCUMENTATION_COMMENTS = YES;
				CLANG_WARN_EMPTY_BODY = YES;
				CLANG_WARN_ENUM_CONVERSION = YES;
				CLANG_WARN_INFINITE_RECURSION = YES;
				CLANG_WARN_INT_CONVERSION = YES;
				CLANG_WARN_NON_LITERAL_NULL_CONVERSION = YES;
				CLANG_WARN_OBJC_IMPLICIT_RETAIN_SELF = YES;
				CLANG_WARN_OBJC_LITERAL_CONVERSION = YES;
				CLANG_WARN_OBJC_ROOT_CLASS = YES_ERROR;
				CLANG_WARN_RANGE_LOOP_ANALYSIS = YES;
				CLANG_WARN_STRICT_PROTOTYPES = YES;
				CLANG_WARN_SUSPICIOUS_MOVE = YES;
				CLANG_WARN_UNGUARDED_AVAILABILITY = YES_AGGRESSIVE;
				CLANG_WARN_UNREACHABLE_CODE = YES;
				CLANG_WARN__DUPLICATE_METHOD_MATCH = YES;
				CODE_SIGN_IDENTITY = "iPhone Developer";
				COPY_PHASE_STRIP = NO;
				DEBUG_INFORMATION_FORMAT = "dwarf-with-dsym";
				ENABLE_NS_ASSERTIONS = NO;
				ENABLE_STRICT_OBJC_MSGSEND = YES;
				GCC_C_LANGUAGE_STANDARD = gnu11;
				GCC_NO_COMMON_BLOCKS = YES;
				GCC_WARN_64_TO_32_BIT_CONVERSION = YES;
				GCC_WARN_ABOUT_RETURN_TYPE = YES_ERROR;
				GCC_WARN_UNDECLARED_SELECTOR = YES;
				GCC_WARN_UNINITIALIZED_AUTOS = YES_AGGRESSIVE;
				GCC_WARN_UNUSED_FUNCTION = YES;
				GCC_WARN_UNUSED_VARIABLE = YES;
				IPHONEOS_DEPLOYMENT_TARGET = 12.2;
				MTL_ENABLE_DEBUG_INFO = NO;
				MTL_FAST_MATH = YES;
				SDKROOT = iphoneos;
				VALIDATE_PRODUCT = YES;
			};
			name = Release;
		};
		04048548230C1E6600EF17C8 /* Debug */ = {
			isa = XCBuildConfiguration;
			baseConfigurationReference = 5E7717D7D9C110031B9D25E9 /* Pods-Car.debug.xcconfig */;
			buildSettings = {
				ASSETCATALOG_COMPILER_APPICON_NAME = AppIcon;
				CODE_SIGN_STYLE = Automatic;
				DEVELOPMENT_TEAM = S9Y6LPBJXV;
				GCC_PREFIX_HEADER = "$(SRCROOT)/Car/AppLife/Car.pch";
				INFOPLIST_FILE = Car/Info.plist;
				IPHONEOS_DEPLOYMENT_TARGET = 11.0;
				LD_RUNPATH_SEARCH_PATHS = (
					"$(inherited)",
					"@executable_path/Frameworks",
				);
				PRODUCT_BUNDLE_IDENTIFIER = com.SmallHeat.CarShopMaster;
				PRODUCT_NAME = "$(TARGET_NAME)";
				TARGETED_DEVICE_FAMILY = "1,2";
				VALID_ARCHS = "arm64 arm64e";
			};
			name = Debug;
		};
		04048549230C1E6600EF17C8 /* Release */ = {
			isa = XCBuildConfiguration;
			baseConfigurationReference = 11E7FD406732E1695AAC11D1 /* Pods-Car.release.xcconfig */;
			buildSettings = {
				ASSETCATALOG_COMPILER_APPICON_NAME = AppIcon;
				CODE_SIGN_STYLE = Automatic;
				DEVELOPMENT_TEAM = S9Y6LPBJXV;
				GCC_PREFIX_HEADER = "$(SRCROOT)/Car/AppLife/Car.pch";
				INFOPLIST_FILE = Car/Info.plist;
				IPHONEOS_DEPLOYMENT_TARGET = 11.0;
				LD_RUNPATH_SEARCH_PATHS = (
					"$(inherited)",
					"@executable_path/Frameworks",
				);
				PRODUCT_BUNDLE_IDENTIFIER = com.SmallHeat.CarShopMaster;
				PRODUCT_NAME = "$(TARGET_NAME)";
				TARGETED_DEVICE_FAMILY = "1,2";
				VALID_ARCHS = "arm64 arm64e";
			};
			name = Release;
		};
/* End XCBuildConfiguration section */

/* Begin XCConfigurationList section */
		0404852C230C1E6300EF17C8 /* Build configuration list for PBXProject "Car" */ = {
			isa = XCConfigurationList;
			buildConfigurations = (
				04048545230C1E6600EF17C8 /* Debug */,
				04048546230C1E6600EF17C8 /* Release */,
			);
			defaultConfigurationIsVisible = 0;
			defaultConfigurationName = Release;
		};
		04048547230C1E6600EF17C8 /* Build configuration list for PBXNativeTarget "Car" */ = {
			isa = XCConfigurationList;
			buildConfigurations = (
				04048548230C1E6600EF17C8 /* Debug */,
				04048549230C1E6600EF17C8 /* Release */,
			);
			defaultConfigurationIsVisible = 0;
			defaultConfigurationName = Release;
		};
/* End XCConfigurationList section */
	};
	rootObject = 04048529230C1E6300EF17C8 /* Project object */;
}
